github.com/davecgh/go-spew v1.1.1 h1:vj9j/u1bqnvCEfJOwUhtlOARqs3+rkHYY13jYWTU97c=
github.com/davecgh/go-spew v1.1.1/go.mod h1:J7Y8YcW2NihsgmVo/mv3lAwl/skON4iLHjSsI+c5H38=
github.com/hneemann/iterator v0.0.0-20240630073221-aab15310e28c h1:itki31EzEjJar/sQHUc1lXD9/vG0g72W8TPUx8wwC/M=
github.com/hneemann/iterator v0.0.0-20240630073221-aab15310e28c/go.mod h1:Y4LjHwBja9p9vaWnjpEzDorwPp/9UcDmycAJPX6WBEI=
github.com/hneemann/parser2 v0.0.0-20250429183911-7aed5ff4b6f4 h1:Og8xwzAhJrnq4nZK5wMrqR0mdl3MxpWPRzu9pHpXwnk=
github.com/hneemann/parser2 v0.0.0-20250429183911-7aed5ff4b6f4/go.mod h1:SS7YsssqCfYO9w+HMtAff0UDfXqdjkq2rhElFNl7tZ4=
github.com/hneemann/session v0.0.0-20250427093617-e28e0f545718 h1:enGidF2YKhngaoRA4fo8Dw/r0tyexjm4ZPCFXmEP4kY=
github.com/hneemann/session v0.0.0-20250427093617-e28e0f545718/go.mod h1:ldjS1vGSjejww/dhUCgNtxEPL0u4fCGvXJAfHUSKJbo=
github.com/pmezard/go-difflib v1.0.0 h1:4DBwDE0NGyQoBHbLQYPwSUPoCMWR5BEzIk/f1lZbAQM=
github.com/pmezard/go-difflib v1.0.0/go.mod h1:iKH77koFhYxTK1pcRnkKkqfTogsbg7gZNVY4sRDYZ/4=
github.com/stretchr/testify v1.10.0 h1:Xv5erBjTwe/5IxqUQTdXv5kgmIvbHo3QQyRwhJsOfJA=
github.com/stretchr/testify v1.10.0/go.mod h1:r2ic/lqez/lEtzL7wO/rwa5dbSLXVDPFyf8C91i36aY=
golang.org/x/crypto v0.37.0 h1:kJNSjF/Xp7kU0iB2Z+9viTPMW4EqqsrywMXLJOOsXSE=
golang.org/x/crypto v0.37.0/go.mod h1:vg+k43peMZ0pUMhYmVAWysMK35e6ioLh3wB8ZCAfbVc=
gopkg.in/check.v1 v0.0.0-20161208181325-20d25e280405 h1:yhCVgyC4o1eVCa2tZl7eS0r+SDo693bJlVdllGtEeKM=
gopkg.in/check.v1 v0.0.0-20161208181325-20d25e280405/go.mod h1:Co6ibVJAznAaIkqp8huTwlJQCZ016jof/cbN4VW5Yz0=
gopkg.in/yaml.v3 v3.0.1 h1:fxVm/GzAzEWqLHuvctI91KS9hhNmmWOoWu0XTYJS7CA=
gopkg.in/yaml.v3 v3.0.1/go.mod h1:K4uyk7z7BCEPqu6E+C64Yfv1cQ7kz7rIZviUmN+EgEM=
